
Microsoft Visual Studio Solution File, Format Version 12.00
# Visual Studio Version 17
VisualStudioVersion = 17.2.32519.379
MinimumVisualStudioVersion = 10.0.40219.1
Project("{9A19103F-16F7-4668-BE54-9A1E7A4F7556}") = "HtmlToPdf", "HtmlToPdf\HtmlToPdf.csproj", "{39BB9151-7E1E-4B1C-8B19-AEE6DED887B7}"
EndProject
Global
	GlobalSection(SolutionConfigurationPlatforms) = preSolution
		Debug|Any CPU = Debug|Any CPU
		Release|Any CPU = Release|Any CPU
	EndGlobalSection
	GlobalSection(ProjectConfigurationPlatforms) = postSolution
		{39BB9151-7E1E-4B1C-8B19-AEE6DED887B7}.Debug|Any CPU.ActiveCfg = Debug|Any CPU
		{39BB9151-7E1E-4B1C-8B19-AEE6DED887B7}.Debug|Any CPU.Build.0 = Debug|Any CPU
		{39BB9151-7E1E-4B1C-8B19-AEE6DED887B7}.Release|Any CPU.ActiveCfg = Release|Any CPU
		{39BB9151-7E1E-4B1C-8B19-AEE6DED887B7}.Release|Any CPU.Build.0 = Release|Any CPU
	EndGlobalSection
	GlobalSection(SolutionProperties) = preSolution
		HideSolutionNode = FALSE
	EndGlobalSection
	GlobalSection(ExtensibilityGlobals) = postSolution
		SolutionGuid = {3C971B94-CD6E-4E63-9CFC-FB9C3E0DF762}
	EndGlobalSection
EndGlobal
